
Microsoft Visual Studio Solution File, Format Version 12.00
# Visual Studio Version 16
VisualStudioVersion = 16.0.29418.71
MinimumVisualStudioVersion = 10.0.40219.1
Project("{FAE04EC0-301F-11D3-BF4B-00C04F79EFBC}") = "Day-9a", "Day-9a\Day-9a.csproj", "{F2C31217-31F0-4B40-809A-4A386183B350}"
EndProject
Global
	GlobalSection(SolutionConfigurationPlatforms) = preSolution
		Debug|Any CPU = Debug|Any CPU
		Release|Any CPU = Release|Any CPU
	EndGlobalSection
	GlobalSection(ProjectConfigurationPlatforms) = postSolution
		{F2C31217-31F0-4B40-809A-4A386183B350}.Debug|Any CPU.ActiveCfg = Debug|Any CPU
		{F2C31217-31F0-4B40-809A-4A386183B350}.Debug|Any CPU.Build.0 = Debug|Any CPU
		{F2C31217-31F0-4B40-809A-4A386183B350}.Release|Any CPU.ActiveCfg = Release|Any CPU
		{F2C31217-31F0-4B40-809A-4A386183B350}.Release|Any CPU.Build.0 = Release|Any CPU
	EndGlobalSection
	GlobalSection(SolutionProperties) = preSolution
		HideSolutionNode = FALSE
	EndGlobalSection
	GlobalSection(ExtensibilityGlobals) = postSolution
		SolutionGuid = {FE0C2104-B2A9-4091-A0FA-431E48533094}
	EndGlobalSection
EndGlobal
